{
  "version": 4,
  "terraform_version": "1.16.2",
  "serial": 4,
  "lineage": "e130e720-c171-82ed-d855-623f6333e2fe",
  "outputs": {
    "network_file": {
      "value": "./managed-files/network.txt",
      "type": "string"
    },
    "project_file": {
      "value": "./managed-files/project.txt",
      "type": "string"
    },
    "server_file": {
      "value": "./managed-files/server.txt",
      "type": "string"
    }
  },
  "resources": [
    {
      "mode": "managed",
      "type": "local_file",
      "name": "network_file",
      "provider": "provider[\"registry.terraform.io/hashicorp/local\"]",
      "instances": [
        {
          "schema_version": 0,
          "attributes": {
            "content": "Network Configuration\n\nEnvironment : development\nNetwork     : Local\n",
            "content_base64": null,
            "content_base64sha256": "lYw4cqESLTKkQgWU6VGshKtlX6EVyu9/xuvAoAsK0sI=",
            "content_base64sha512": "HbntxJg+PQfxDs3O+sGlewM9McUzJkS+cM30gVzAim5wcB7afrk+oitYYUzdOcqgM09/elS6zp5z71626wQnBg==",
            "content_md5": "11946f40aa5d7914f1e3728943a33497",
            "content_sha1": "52f5e4bee61de2d18ac3eafca46e7f1493a93a6e",
            "content_sha256": "958c3872a1122d32a4420594e951ac84ab655fa115caef7fc6ebc0a00b0ad2c2",
            "content_sha512": "1db9edc4983e3d07f10ecdcefac1a57b033d31c5332644be70cdf4815cc08a6e70701eda7eb93ea22b58614cdd39caa0334f7f7a54bace9e73ef5eb6eb042706",
            "directory_permission": "0777",
            "file_permission": "0777",
            "filename": "./managed-files/network.txt",
            "id": "52f5e4bee61de2d18ac3eafca46e7f1493a93a6e",
            "sensitive_content": null,
            "source": null
          },
          "sensitive_attributes": [
            [
              {
                "type": "get_attr",
                "value": "sensitive_content"
              }
            ]
          ],
          "identity_schema_version": 0
        }
      ]
    },
    {
      "mode": "managed",
      "type": "local_file",
      "name": "project_file",
      "provider": "provider[\"registry.terraform.io/hashicorp/local\"]",
      "instances": [
        {
          "schema_version": 0,
          "attributes": {
            "content": "Project   : terraform-local-project\nEnvironment: development\n\nFile ini dibuat menggunakan Terraform.\n",
            "content_base64": null,
            "content_base64sha256": "zmy1Bg07x+j+shCt9bcDPE0fJlN+Lnf+pl1dL/5S0Bk=",
            "content_base64sha512": "f+MaaMKIWHMV6AqezkIYxBN+13cUZOs0CrR8IYy6U1o3VEBgwhsxukQVkYRbBntTpnodydi6+KpE6RHVa+Undg==",
            "content_md5": "7fc1c6f054c702fe4bfc79ff94e8cf0f",
            "content_sha1": "e1d563a963bd644d6ee6e5871d5876cf27fb4516",
            "content_sha256": "ce6cb5060d3bc7e8feb210adf5b7033c4d1f26537e2e77fea65d5d2ffe52d019",
            "content_sha512": "7fe31a68c288587315e80a9ece4218c4137ed7771464eb340ab47c218cba535a37544060c21b31ba441591845b067b53a67a1dc9d8baf8aa44e911d56be52776",
            "directory_permission": "0777",
            "file_permission": "0777",
            "filename": "./managed-files/project.txt",
            "id": "e1d563a963bd644d6ee6e5871d5876cf27fb4516",
            "sensitive_content": null,
            "source": null
          },
          "sensitive_attributes": [
            [
              {
                "type": "get_attr",
                "value": "sensitive_content"
              }
            ]
          ],
          "identity_schema_version": 0
        }
      ]
    },
    {
      "mode": "managed",
      "type": "local_file",
      "name": "server_file",
      "provider": "provider[\"registry.terraform.io/hashicorp/local\"]",
      "instances": [
        {
          "schema_version": 0,
          "attributes": {
            "content": "Server Configuration\n\nOperating System : Ubuntu\nEnvironment      : development\n",
            "content_base64": null,
            "content_base64sha256": "RUSXl2AfBgCPus3GAQvm+hnUAgzcoOJNmMehBfHNLn4=",
            "content_base64sha512": "vtXHWCWuoEAJQtQJ+R2DufHcVLJIlaVNUy1cmd/5jPhGsGL5IVXGvf4zLXPIAFMy1jvGu8IyfWOzJ/zskeROow==",
            "content_md5": "072ed9a888f1d9d893ff215cd997c2c7",
            "content_sha1": "53e9f403a2c64b8ea2e2fb3271fd3a2632a32233",
            "content_sha256": "45449797601f06008fbacdc6010be6fa19d4020cdca0e24d98c7a105f1cd2e7e",
            "content_sha512": "bed5c75825aea0400942d409f91d83b9f1dc54b24895a54d532d5c99dff98cf846b062f92155c6bdfe332d73c8005332d63bc6bbc2327d63b327fcec91e44ea3",
            "directory_permission": "0777",
            "file_permission": "0777",
            "filename": "./managed-files/server.txt",
            "id": "53e9f403a2c64b8ea2e2fb3271fd3a2632a32233",
            "sensitive_content": null,
            "source": null
          },
          "sensitive_attributes": [
            [
              {
                "type": "get_attr",
                "value": "sensitive_content"
              }
            ]
          ],
          "identity_schema_version": 0
        }
      ]
    }
  ],
  "check_results": null
}
